
Microsoft Visual Studio Solution File, Format Version 12.00
# Visual Studio 2013
VisualStudioVersion = 12.0.40629.0
MinimumVisualStudioVersion = 10.0.40219.1
Project("{F2A71F9B-5D33-465A-A702-920D77279786}") = "GraphVizWrapper", "GraphVizWrapper\GraphVizWrapper.fsproj", "{BB5A2022-3217-4E37-928E-F3AC930B45B3}"
EndProject
Project("{F2A71F9B-5D33-465A-A702-920D77279786}") = "GraphVizWrapperTests", "GraphVizWrapperTests\GraphVizWrapperTests.fsproj", "{BB0F9B9B-BDCB-4A7B-851F-8B312980891A}"
EndProject
Project("{F2A71F9B-5D33-465A-A702-920D77279786}") = "Graph", "Graph\Graph.fsproj", "{61B08167-C76A-4C9E-B4EB-0ED06ECAB744}"
EndProject
Project("{F2A71F9B-5D33-465A-A702-920D77279786}") = "GraphTests", "GraphTests\GraphTests.fsproj", "{164B528C-6573-4069-B280-2CB9A5F738AF}"
EndProject
Project("{2150E333-8FDC-42A3-9474-1A3956D46DE8}") = "Wrapper", "Wrapper", "{4DA4040F-8540-49F9-9139-920D63803EC0}"
EndProject
Project("{2150E333-8FDC-42A3-9474-1A3956D46DE8}") = "Demos", "Demos", "{6BD21DE4-CB84-493D-9BC2-1198807D517F}"
EndProject
Project("{2150E333-8FDC-42A3-9474-1A3956D46DE8}") = "Archie", "Archie", "{C351D30C-ED46-4421-A940-B484578789BC}"
EndProject
Project("{F2A71F9B-5D33-465A-A702-920D77279786}") = "Archie", "Archie\Archie.fsproj", "{C4840674-CF9D-4FC9-B96A-295AABF91B24}"
EndProject
Project("{F2A71F9B-5D33-465A-A702-920D77279786}") = "ArchieRunner", "ArchieRunner\ArchieRunner.fsproj", "{6CC8939C-586F-46AF-B273-D43E94EF26F9}"
EndProject
Global
	GlobalSection(SolutionConfigurationPlatforms) = preSolution
		Debug|Any CPU = Debug|Any CPU
		Release|Any CPU = Release|Any CPU
	EndGlobalSection
	GlobalSection(ProjectConfigurationPlatforms) = postSolution
		{BB5A2022-3217-4E37-928E-F3AC930B45B3}.Debug|Any CPU.ActiveCfg = Debug|Any CPU
		{BB5A2022-3217-4E37-928E-F3AC930B45B3}.Debug|Any CPU.Build.0 = Debug|Any CPU
		{BB5A2022-3217-4E37-928E-F3AC930B45B3}.Release|Any CPU.ActiveCfg = Release|Any CPU
		{BB5A2022-3217-4E37-928E-F3AC930B45B3}.Release|Any CPU.Build.0 = Release|Any CPU
		{BB0F9B9B-BDCB-4A7B-851F-8B312980891A}.Debug|Any CPU.ActiveCfg = Debug|Any CPU
		{BB0F9B9B-BDCB-4A7B-851F-8B312980891A}.Debug|Any CPU.Build.0 = Debug|Any CPU
		{BB0F9B9B-BDCB-4A7B-851F-8B312980891A}.Release|Any CPU.ActiveCfg = Release|Any CPU
		{BB0F9B9B-BDCB-4A7B-851F-8B312980891A}.Release|Any CPU.Build.0 = Release|Any CPU
		{61B08167-C76A-4C9E-B4EB-0ED06ECAB744}.Debug|Any CPU.ActiveCfg = Debug|Any CPU
		{61B08167-C76A-4C9E-B4EB-0ED06ECAB744}.Debug|Any CPU.Build.0 = Debug|Any CPU
		{61B08167-C76A-4C9E-B4EB-0ED06ECAB744}.Release|Any CPU.ActiveCfg = Release|Any CPU
		{61B08167-C76A-4C9E-B4EB-0ED06ECAB744}.Release|Any CPU.Build.0 = Release|Any CPU
		{164B528C-6573-4069-B280-2CB9A5F738AF}.Debug|Any CPU.ActiveCfg = Debug|Any CPU
		{164B528C-6573-4069-B280-2CB9A5F738AF}.Debug|Any CPU.Build.0 = Debug|Any CPU
		{164B528C-6573-4069-B280-2CB9A5F738AF}.Release|Any CPU.ActiveCfg = Release|Any CPU
		{164B528C-6573-4069-B280-2CB9A5F738AF}.Release|Any CPU.Build.0 = Release|Any CPU
		{C4840674-CF9D-4FC9-B96A-295AABF91B24}.Debug|Any CPU.ActiveCfg = Debug|Any CPU
		{C4840674-CF9D-4FC9-B96A-295AABF91B24}.Debug|Any CPU.Build.0 = Debug|Any CPU
		{C4840674-CF9D-4FC9-B96A-295AABF91B24}.Release|Any CPU.ActiveCfg = Release|Any CPU
		{C4840674-CF9D-4FC9-B96A-295AABF91B24}.Release|Any CPU.Build.0 = Release|Any CPU
		{6CC8939C-586F-46AF-B273-D43E94EF26F9}.Debug|Any CPU.ActiveCfg = Debug|Any CPU
		{6CC8939C-586F-46AF-B273-D43E94EF26F9}.Debug|Any CPU.Build.0 = Debug|Any CPU
		{6CC8939C-586F-46AF-B273-D43E94EF26F9}.Release|Any CPU.ActiveCfg = Release|Any CPU
		{6CC8939C-586F-46AF-B273-D43E94EF26F9}.Release|Any CPU.Build.0 = Release|Any CPU
	EndGlobalSection
	GlobalSection(SolutionProperties) = preSolution
		HideSolutionNode = FALSE
	EndGlobalSection
	GlobalSection(NestedProjects) = preSolution
		{BB5A2022-3217-4E37-928E-F3AC930B45B3} = {4DA4040F-8540-49F9-9139-920D63803EC0}
		{BB0F9B9B-BDCB-4A7B-851F-8B312980891A} = {4DA4040F-8540-49F9-9139-920D63803EC0}
		{61B08167-C76A-4C9E-B4EB-0ED06ECAB744} = {4DA4040F-8540-49F9-9139-920D63803EC0}
		{164B528C-6573-4069-B280-2CB9A5F738AF} = {4DA4040F-8540-49F9-9139-920D63803EC0}
		{C351D30C-ED46-4421-A940-B484578789BC} = {6BD21DE4-CB84-493D-9BC2-1198807D517F}
		{C4840674-CF9D-4FC9-B96A-295AABF91B24} = {C351D30C-ED46-4421-A940-B484578789BC}
		{6CC8939C-586F-46AF-B273-D43E94EF26F9} = {C351D30C-ED46-4421-A940-B484578789BC}
	EndGlobalSection
EndGlobal
